
Microsoft Visual Studio Solution File, Format Version 12.00
# Visual Studio Version 16
VisualStudioVersion = 16.0.30907.101
MinimumVisualStudioVersion = 10.0.40219.1
Project("{9A19103F-16F7-4668-BE54-9A1E7A4F7556}") = "CSharpCampDemo", "CSharpCampDemo\CSharpCampDemo.csproj", "{D7FFC6FE-72FF-4608-A6CC-80A606178E4F}"
EndProject
Project("{9A19103F-16F7-4668-BE54-9A1E7A4F7556}") = "ClassIntro", "ClassIntro\ClassIntro.csproj", "{E5B2F6AB-918B-479D-B6DC-8F2EA6FC01C5}"
EndProject
Project("{9A19103F-16F7-4668-BE54-9A1E7A4F7556}") = "Donguler", "Donguler\Donguler.csproj", "{4890009E-8F6E-4447-849D-11BAB5AC505C}"
EndProject
Project("{9A19103F-16F7-4668-BE54-9A1E7A4F7556}") = "HomeWork", "HomeWork\HomeWork.csproj", "{F3D17D29-193E-4BA4-B2E0-1F591D1E1FA8}"
EndProject
Project("{9A19103F-16F7-4668-BE54-9A1E7A4F7556}") = "Metotlar", "Metotlar\Metotlar.csproj", "{7C2ED863-0BB9-4CD2-8810-0705BAE70174}"
EndProject
Project("{9A19103F-16F7-4668-BE54-9A1E7A4F7556}") = "OOP1", "OOP1\OOP1.csproj", "{24E42ED0-2716-4D0D-AD50-081524454920}"
EndProject
Project("{9A19103F-16F7-4668-BE54-9A1E7A4F7556}") = "Collections", "Collections\Collections.csproj", "{2937D529-9289-4F95-A565-5797FB361476}"
EndProject
Project("{9A19103F-16F7-4668-BE54-9A1E7A4F7556}") = "CenericsIntro", "CenericsIntro\CenericsIntro.csproj", "{126DABF3-8F09-4E42-8D62-EBDA9FBE975B}"
EndProject
Project("{9A19103F-16F7-4668-BE54-9A1E7A4F7556}") = "ReferanceTypes", "ReferanceTypes\ReferanceTypes.csproj", "{B805748D-4055-42C4-9922-21AB4A334605}"
EndProject
Project("{9A19103F-16F7-4668-BE54-9A1E7A4F7556}") = "MyDictionary", "MyDictionary\MyDictionary.csproj", "{E48A0BF6-07CE-4FB8-AB7C-28A7BBE6997D}"
EndProject
Project("{9A19103F-16F7-4668-BE54-9A1E7A4F7556}") = "OOP2", "OOP2\OOP2.csproj", "{C482EEBC-12B3-4541-82F4-F481B98117C5}"
EndProject
Project("{9A19103F-16F7-4668-BE54-9A1E7A4F7556}") = "OOP3", "OOP3\OOP3.csproj", "{455405FB-6A7B-4A98-8973-45F9B5C977D5}"
EndProject
Project("{9A19103F-16F7-4668-BE54-9A1E7A4F7556}") = "Interface", "Interface\Interface.csproj", "{0BE37568-E820-4628-B203-1A440F0A9ADF}"
EndProject
Project("{9A19103F-16F7-4668-BE54-9A1E7A4F7556}") = "GameProject", "GameProject\GameProject.csproj", "{60B03CCE-40E0-454E-AAE2-030617A0DEB0}"
EndProject
Project("{FAE04EC0-301F-11D3-BF4B-00C04F79EFBC}") = "RecapDemo", "RecapDemo\RecapDemo.csproj", "{CB6B17F9-3337-4F65-B633-87DF0327A22D}"
EndProject
Global
	GlobalSection(SolutionConfigurationPlatforms) = preSolution
		Debug|Any CPU = Debug|Any CPU
		Release|Any CPU = Release|Any CPU
	EndGlobalSection
	GlobalSection(ProjectConfigurationPlatforms) = postSolution
		{D7FFC6FE-72FF-4608-A6CC-80A606178E4F}.Debug|Any CPU.ActiveCfg = Debug|Any CPU
		{D7FFC6FE-72FF-4608-A6CC-80A606178E4F}.Debug|Any CPU.Build.0 = Debug|Any CPU
		{D7FFC6FE-72FF-4608-A6CC-80A606178E4F}.Release|Any CPU.ActiveCfg = Release|Any CPU
		{D7FFC6FE-72FF-4608-A6CC-80A606178E4F}.Release|Any CPU.Build.0 = Release|Any CPU
		{E5B2F6AB-918B-479D-B6DC-8F2EA6FC01C5}.Debug|Any CPU.ActiveCfg = Debug|Any CPU
		{E5B2F6AB-918B-479D-B6DC-8F2EA6FC01C5}.Debug|Any CPU.Build.0 = Debug|Any CPU
		{E5B2F6AB-918B-479D-B6DC-8F2EA6FC01C5}.Release|Any CPU.ActiveCfg = Release|Any CPU
		{E5B2F6AB-918B-479D-B6DC-8F2EA6FC01C5}.Release|Any CPU.Build.0 = Release|Any CPU
		{4890009E-8F6E-4447-849D-11BAB5AC505C}.Debug|Any CPU.ActiveCfg = Debug|Any CPU
		{4890009E-8F6E-4447-849D-11BAB5AC505C}.Debug|Any CPU.Build.0 = Debug|Any CPU
		{4890009E-8F6E-4447-849D-11BAB5AC505C}.Release|Any CPU.ActiveCfg = Release|Any CPU
		{4890009E-8F6E-4447-849D-11BAB5AC505C}.Release|Any CPU.Build.0 = Release|Any CPU
		{F3D17D29-193E-4BA4-B2E0-1F591D1E1FA8}.Debug|Any CPU.ActiveCfg = Debug|Any CPU
		{F3D17D29-193E-4BA4-B2E0-1F591D1E1FA8}.Debug|Any CPU.Build.0 = Debug|Any CPU
		{F3D17D29-193E-4BA4-B2E0-1F591D1E1FA8}.Release|Any CPU.ActiveCfg = Release|Any CPU
		{F3D17D29-193E-4BA4-B2E0-1F591D1E1FA8}.Release|Any CPU.Build.0 = Release|Any CPU
		{7C2ED863-0BB9-4CD2-8810-0705BAE70174}.Debug|Any CPU.ActiveCfg = Debug|Any CPU
		{7C2ED863-0BB9-4CD2-8810-0705BAE70174}.Debug|Any CPU.Build.0 = Debug|Any CPU
		{7C2ED863-0BB9-4CD2-8810-0705BAE70174}.Release|Any CPU.ActiveCfg = Release|Any CPU
		{7C2ED863-0BB9-4CD2-8810-0705BAE70174}.Release|Any CPU.Build.0 = Release|Any CPU
		{24E42ED0-2716-4D0D-AD50-081524454920}.Debug|Any CPU.ActiveCfg = Debug|Any CPU
		{24E42ED0-2716-4D0D-AD50-081524454920}.Debug|Any CPU.Build.0 = Debug|Any CPU
		{24E42ED0-2716-4D0D-AD50-081524454920}.Release|Any CPU.ActiveCfg = Release|Any CPU
		{24E42ED0-2716-4D0D-AD50-081524454920}.Release|Any CPU.Build.0 = Release|Any CPU
		{2937D529-9289-4F95-A565-5797FB361476}.Debug|Any CPU.ActiveCfg = Debug|Any CPU
		{2937D529-9289-4F95-A565-5797FB361476}.Debug|Any CPU.Build.0 = Debug|Any CPU
		{2937D529-9289-4F95-A565-5797FB361476}.Release|Any CPU.ActiveCfg = Release|Any CPU
		{2937D529-9289-4F95-A565-5797FB361476}.Release|Any CPU.Build.0 = Release|Any CPU
		{126DABF3-8F09-4E42-8D62-EBDA9FBE975B}.Debug|Any CPU.ActiveCfg = Debug|Any CPU
		{126DABF3-8F09-4E42-8D62-EBDA9FBE975B}.Debug|Any CPU.Build.0 = Debug|Any CPU
		{126DABF3-8F09-4E42-8D62-EBDA9FBE975B}.Release|Any CPU.ActiveCfg = Release|Any CPU
		{126DABF3-8F09-4E42-8D62-EBDA9FBE975B}.Release|Any CPU.Build.0 = Release|Any CPU
		{B805748D-4055-42C4-9922-21AB4A334605}.Debug|Any CPU.ActiveCfg = Debug|Any CPU
		{B805748D-4055-42C4-9922-21AB4A334605}.Debug|Any CPU.Build.0 = Debug|Any CPU
		{B805748D-4055-42C4-9922-21AB4A334605}.Release|Any CPU.ActiveCfg = Release|Any CPU
		{B805748D-4055-42C4-9922-21AB4A334605}.Release|Any CPU.Build.0 = Release|Any CPU
		{E48A0BF6-07CE-4FB8-AB7C-28A7BBE6997D}.Debug|Any CPU.ActiveCfg = Debug|Any CPU
		{E48A0BF6-07CE-4FB8-AB7C-28A7BBE6997D}.Debug|Any CPU.Build.0 = Debug|Any CPU
		{E48A0BF6-07CE-4FB8-AB7C-28A7BBE6997D}.Release|Any CPU.ActiveCfg = Release|Any CPU
		{E48A0BF6-07CE-4FB8-AB7C-28A7BBE6997D}.Release|Any CPU.Build.0 = Release|Any CPU
		{C482EEBC-12B3-4541-82F4-F481B98117C5}.Debug|Any CPU.ActiveCfg = Debug|Any CPU
		{C482EEBC-12B3-4541-82F4-F481B98117C5}.Debug|Any CPU.Build.0 = Debug|Any CPU
		{C482EEBC-12B3-4541-82F4-F481B98117C5}.Release|Any CPU.ActiveCfg = Release|Any CPU
		{C482EEBC-12B3-4541-82F4-F481B98117C5}.Release|Any CPU.Build.0 = Release|Any CPU
		{455405FB-6A7B-4A98-8973-45F9B5C977D5}.Debug|Any CPU.ActiveCfg = Debug|Any CPU
		{455405FB-6A7B-4A98-8973-45F9B5C977D5}.Debug|Any CPU.Build.0 = Debug|Any CPU
		{455405FB-6A7B-4A98-8973-45F9B5C977D5}.Release|Any CPU.ActiveCfg = Release|Any CPU
		{455405FB-6A7B-4A98-8973-45F9B5C977D5}.Release|Any CPU.Build.0 = Release|Any CPU
		{0BE37568-E820-4628-B203-1A440F0A9ADF}.Debug|Any CPU.ActiveCfg = Debug|Any CPU
		{0BE37568-E820-4628-B203-1A440F0A9ADF}.Debug|Any CPU.Build.0 = Debug|Any CPU
		{0BE37568-E820-4628-B203-1A440F0A9ADF}.Release|Any CPU.ActiveCfg = Release|Any CPU
		{0BE37568-E820-4628-B203-1A440F0A9ADF}.Release|Any CPU.Build.0 = Release|Any CPU
		{60B03CCE-40E0-454E-AAE2-030617A0DEB0}.Debug|Any CPU.ActiveCfg = Debug|Any CPU
		{60B03CCE-40E0-454E-AAE2-030617A0DEB0}.Debug|Any CPU.Build.0 = Debug|Any CPU
		{60B03CCE-40E0-454E-AAE2-030617A0DEB0}.Release|Any CPU.ActiveCfg = Release|Any CPU
		{60B03CCE-40E0-454E-AAE2-030617A0DEB0}.Release|Any CPU.Build.0 = Release|Any CPU
		{CB6B17F9-3337-4F65-B633-87DF0327A22D}.Debug|Any CPU.ActiveCfg = Debug|Any CPU
		{CB6B17F9-3337-4F65-B633-87DF0327A22D}.Debug|Any CPU.Build.0 = Debug|Any CPU
		{CB6B17F9-3337-4F65-B633-87DF0327A22D}.Release|Any CPU.ActiveCfg = Release|Any CPU
		{CB6B17F9-3337-4F65-B633-87DF0327A22D}.Release|Any CPU.Build.0 = Release|Any CPU
	EndGlobalSection
	GlobalSection(SolutionProperties) = preSolution
		HideSolutionNode = FALSE
	EndGlobalSection
	GlobalSection(ExtensibilityGlobals) = postSolution
		SolutionGuid = {0B10051B-3B8E-411B-8DB6-FB099BAFABB5}
	EndGlobalSection
EndGlobal
